
Microsoft Visual Studio Solution File, Format Version 12.00
# Visual Studio Version 17
VisualStudioVersion = 17.2.32630.192
MinimumVisualStudioVersion = 10.0.40219.1
Project("{2150E333-8FDC-42A3-9474-1A3956D46DE8}") = "Core", "Core", "{7D456F1D-BA84-49A7-B5C1-2FF7ACD4FF18}"
EndProject
Project("{FAE04EC0-301F-11D3-BF4B-00C04F79EFBC}") = "Domain", "Core\Domain\Domain.csproj", "{F2B0C37D-6ACC-442E-B3AF-2C9B683052C8}"
EndProject
Project("{FAE04EC0-301F-11D3-BF4B-00C04F79EFBC}") = "Application", "Core\Application\Application.csproj", "{B5FE5DEE-3A47-474F-A5C0-0EC589302821}"
EndProject
Project("{2150E333-8FDC-42A3-9474-1A3956D46DE8}") = "Infrastructure", "Infrastructure", "{11AC8B8C-C5A1-42A6-99E3-9819BEFAA1D6}"
EndProject
Project("{FAE04EC0-301F-11D3-BF4B-00C04F79EFBC}") = "Infrastructure", "Infrastructure\Infrastructure\Infrastructure.csproj", "{1DE26EA8-6340-432F-B8C4-80886D6ACB95}"
EndProject
Project("{FAE04EC0-301F-11D3-BF4B-00C04F79EFBC}") = "Persistance", "Infrastructure\Persistance\Persistance.csproj", "{886A1F5E-3E0F-4CB1-8ABA-502C08C37051}"
EndProject
Project("{2150E333-8FDC-42A3-9474-1A3956D46DE8}") = "Presentation", "Presentation", "{FBA026D9-81AA-48B2-81AB-EC5315759F6B}"
EndProject
Project("{FAE04EC0-301F-11D3-BF4B-00C04F79EFBC}") = "OnionCQRSApi", "Presentation\OnionCQRSApi\OnionCQRSApi.csproj", "{04E1425B-C6EE-400C-BB9B-D488AEBB51DD}"
EndProject
Global
	GlobalSection(SolutionConfigurationPlatforms) = preSolution
		Debug|Any CPU = Debug|Any CPU
		Release|Any CPU = Release|Any CPU
	EndGlobalSection
	GlobalSection(ProjectConfigurationPlatforms) = postSolution
		{F2B0C37D-6ACC-442E-B3AF-2C9B683052C8}.Debug|Any CPU.ActiveCfg = Debug|Any CPU
		{F2B0C37D-6ACC-442E-B3AF-2C9B683052C8}.Debug|Any CPU.Build.0 = Debug|Any CPU
		{F2B0C37D-6ACC-442E-B3AF-2C9B683052C8}.Release|Any CPU.ActiveCfg = Release|Any CPU
		{F2B0C37D-6ACC-442E-B3AF-2C9B683052C8}.Release|Any CPU.Build.0 = Release|Any CPU
		{B5FE5DEE-3A47-474F-A5C0-0EC589302821}.Debug|Any CPU.ActiveCfg = Debug|Any CPU
		{B5FE5DEE-3A47-474F-A5C0-0EC589302821}.Debug|Any CPU.Build.0 = Debug|Any CPU
		{B5FE5DEE-3A47-474F-A5C0-0EC589302821}.Release|Any CPU.ActiveCfg = Release|Any CPU
		{B5FE5DEE-3A47-474F-A5C0-0EC589302821}.Release|Any CPU.Build.0 = Release|Any CPU
		{1DE26EA8-6340-432F-B8C4-80886D6ACB95}.Debug|Any CPU.ActiveCfg = Debug|Any CPU
		{1DE26EA8-6340-432F-B8C4-80886D6ACB95}.Debug|Any CPU.Build.0 = Debug|Any CPU
		{1DE26EA8-6340-432F-B8C4-80886D6ACB95}.Release|Any CPU.ActiveCfg = Release|Any CPU
		{1DE26EA8-6340-432F-B8C4-80886D6ACB95}.Release|Any CPU.Build.0 = Release|Any CPU
		{886A1F5E-3E0F-4CB1-8ABA-502C08C37051}.Debug|Any CPU.ActiveCfg = Debug|Any CPU
		{886A1F5E-3E0F-4CB1-8ABA-502C08C37051}.Debug|Any CPU.Build.0 = Debug|Any CPU
		{886A1F5E-3E0F-4CB1-8ABA-502C08C37051}.Release|Any CPU.ActiveCfg = Release|Any CPU
		{886A1F5E-3E0F-4CB1-8ABA-502C08C37051}.Release|Any CPU.Build.0 = Release|Any CPU
		{04E1425B-C6EE-400C-BB9B-D488AEBB51DD}.Debug|Any CPU.ActiveCfg = Debug|Any CPU
		{04E1425B-C6EE-400C-BB9B-D488AEBB51DD}.Debug|Any CPU.Build.0 = Debug|Any CPU
		{04E1425B-C6EE-400C-BB9B-D488AEBB51DD}.Release|Any CPU.ActiveCfg = Release|Any CPU
		{04E1425B-C6EE-400C-BB9B-D488AEBB51DD}.Release|Any CPU.Build.0 = Release|Any CPU
	EndGlobalSection
	GlobalSection(SolutionProperties) = preSolution
		HideSolutionNode = FALSE
	EndGlobalSection
	GlobalSection(NestedProjects) = preSolution
		{F2B0C37D-6ACC-442E-B3AF-2C9B683052C8} = {7D456F1D-BA84-49A7-B5C1-2FF7ACD4FF18}
		{B5FE5DEE-3A47-474F-A5C0-0EC589302821} = {7D456F1D-BA84-49A7-B5C1-2FF7ACD4FF18}
		{1DE26EA8-6340-432F-B8C4-80886D6ACB95} = {11AC8B8C-C5A1-42A6-99E3-9819BEFAA1D6}
		{886A1F5E-3E0F-4CB1-8ABA-502C08C37051} = {11AC8B8C-C5A1-42A6-99E3-9819BEFAA1D6}
		{04E1425B-C6EE-400C-BB9B-D488AEBB51DD} = {FBA026D9-81AA-48B2-81AB-EC5315759F6B}
	EndGlobalSection
	GlobalSection(ExtensibilityGlobals) = postSolution
		SolutionGuid = {74912366-D15F-4D3B-A582-A5334BB62ACF}
	EndGlobalSection
EndGlobal
